
Microsoft Visual Studio Solution File, Format Version 12.00
# Visual Studio Version 16
VisualStudioVersion = 16.0.32407.337
MinimumVisualStudioVersion = 10.0.40219.1
Project("{FAE04EC0-301F-11D3-BF4B-00C04F79EFBC}") = "Interview", "Interview\Interview.csproj", "{0E5E8D56-B843-4F11-BDE1-1C7496DE3DF3}"
EndProject
Global
	GlobalSection(SolutionConfigurationPlatforms) = preSolution
		Debug|Any CPU = Debug|Any CPU
		Release|Any CPU = Release|Any CPU
	EndGlobalSection
	GlobalSection(ProjectConfigurationPlatforms) = postSolution
		{0E5E8D56-B843-4F11-BDE1-1C7496DE3DF3}.Debug|Any CPU.ActiveCfg = Debug|Any CPU
		{0E5E8D56-B843-4F11-BDE1-1C7496DE3DF3}.Debug|Any CPU.Build.0 = Debug|Any CPU
		{0E5E8D56-B843-4F11-BDE1-1C7496DE3DF3}.Release|Any CPU.ActiveCfg = Release|Any CPU
		{0E5E8D56-B843-4F11-BDE1-1C7496DE3DF3}.Release|Any CPU.Build.0 = Release|Any CPU
	EndGlobalSection
	GlobalSection(SolutionProperties) = preSolution
		HideSolutionNode = FALSE
	EndGlobalSection
	GlobalSection(ExtensibilityGlobals) = postSolution
		SolutionGuid = {54092F38-F69B-475B-B992-A5F09964B879}
	EndGlobalSection
EndGlobal
